
Microsoft Visual Studio Solution File, Format Version 12.00
# Visual Studio Version 17
VisualStudioVersion = 17.7.34031.279
MinimumVisualStudioVersion = 10.0.40219.1
Project("{9A19103F-16F7-4668-BE54-9A1E7A4F7556}") = "Journalism.Infrastructure", "Journalism.Infrastructure\Journalism.Infrastructure.csproj", "{7B836630-8FCA-4427-BFC4-63EEBC950E67}"
EndProject
Project("{9A19103F-16F7-4668-BE54-9A1E7A4F7556}") = "Journalism.ConsoleApp", "Journalism.ConsoleApp\Journalism.ConsoleApp.csproj", "{3C727EAC-C92F-45FA-A02D-6A5CDD4FB830}"
EndProject
Project("{FAE04EC0-301F-11D3-BF4B-00C04F79EFBC}") = "Journalism.NoSql", "Journalism.NoSql\Journalism.NoSql.csproj", "{40105F3A-F6A7-4675-A266-CD6138759138}"
EndProject
Global
	GlobalSection(SolutionConfigurationPlatforms) = preSolution
		Debug|Any CPU = Debug|Any CPU
		Release|Any CPU = Release|Any CPU
	EndGlobalSection
	GlobalSection(ProjectConfigurationPlatforms) = postSolution
		{7B836630-8FCA-4427-BFC4-63EEBC950E67}.Debug|Any CPU.ActiveCfg = Debug|Any CPU
		{7B836630-8FCA-4427-BFC4-63EEBC950E67}.Debug|Any CPU.Build.0 = Debug|Any CPU
		{7B836630-8FCA-4427-BFC4-63EEBC950E67}.Release|Any CPU.ActiveCfg = Release|Any CPU
		{7B836630-8FCA-4427-BFC4-63EEBC950E67}.Release|Any CPU.Build.0 = Release|Any CPU
		{3C727EAC-C92F-45FA-A02D-6A5CDD4FB830}.Debug|Any CPU.ActiveCfg = Debug|Any CPU
		{3C727EAC-C92F-45FA-A02D-6A5CDD4FB830}.Debug|Any CPU.Build.0 = Debug|Any CPU
		{3C727EAC-C92F-45FA-A02D-6A5CDD4FB830}.Release|Any CPU.ActiveCfg = Release|Any CPU
		{3C727EAC-C92F-45FA-A02D-6A5CDD4FB830}.Release|Any CPU.Build.0 = Release|Any CPU
		{40105F3A-F6A7-4675-A266-CD6138759138}.Debug|Any CPU.ActiveCfg = Debug|Any CPU
		{40105F3A-F6A7-4675-A266-CD6138759138}.Debug|Any CPU.Build.0 = Debug|Any CPU
		{40105F3A-F6A7-4675-A266-CD6138759138}.Release|Any CPU.ActiveCfg = Release|Any CPU
		{40105F3A-F6A7-4675-A266-CD6138759138}.Release|Any CPU.Build.0 = Release|Any CPU
	EndGlobalSection
	GlobalSection(SolutionProperties) = preSolution
		HideSolutionNode = FALSE
	EndGlobalSection
	GlobalSection(ExtensibilityGlobals) = postSolution
		SolutionGuid = {2F5466C5-6450-4CF4-B71D-B6001483A149}
	EndGlobalSection
EndGlobal
